
Microsoft Visual Studio Solution File, Format Version 12.00
# Visual Studio Version 17
VisualStudioVersion = 17.0.32014.148
MinimumVisualStudioVersion = 10.0.40219.1
Project("{9A19103F-16F7-4668-BE54-9A1E7A4F7556}") = "GPS", "GPS\GPS.csproj", "{68E51BFD-55F0-4507-9D8D-D03345EB0B0B}"
EndProject
Global
	GlobalSection(SolutionConfigurationPlatforms) = preSolution
		Debug|Any CPU = Debug|Any CPU
		Release|Any CPU = Release|Any CPU
	EndGlobalSection
	GlobalSection(ProjectConfigurationPlatforms) = postSolution
		{68E51BFD-55F0-4507-9D8D-D03345EB0B0B}.Debug|Any CPU.ActiveCfg = Debug|Any CPU
		{68E51BFD-55F0-4507-9D8D-D03345EB0B0B}.Debug|Any CPU.Build.0 = Debug|Any CPU
		{68E51BFD-55F0-4507-9D8D-D03345EB0B0B}.Release|Any CPU.ActiveCfg = Release|Any CPU
		{68E51BFD-55F0-4507-9D8D-D03345EB0B0B}.Release|Any CPU.Build.0 = Release|Any CPU
	EndGlobalSection
	GlobalSection(SolutionProperties) = preSolution
		HideSolutionNode = FALSE
	EndGlobalSection
	GlobalSection(ExtensibilityGlobals) = postSolution
		SolutionGuid = {392EAFA6-E6C2-4791-842E-8FC866FEF975}
	EndGlobalSection
EndGlobal
